
Microsoft Visual Studio Solution File, Format Version 12.00
# Visual Studio 14
VisualStudioVersion = 14.0.25420.1
MinimumVisualStudioVersion = 10.0.40219.1
Project("{FAE04EC0-301F-11D3-BF4B-00C04F79EFBC}") = "ImageApp", "ImageApp\ImageApp.csproj", "{61F41DBD-0684-429C-AC5A-DD51097D199F}"
EndProject
Project("{FAE04EC0-301F-11D3-BF4B-00C04F79EFBC}") = "ImageApp.Model", "ImageApp.Model\ImageApp.Model.csproj", "{CD62E08A-21D5-4DD6-A910-0AE320D8A19A}"
EndProject
Project("{FAE04EC0-301F-11D3-BF4B-00C04F79EFBC}") = "ImageApp.ViewModel", "ImageApp.ViewModel\ImageApp.ViewModel.csproj", "{14F6E9B6-5AF4-4700-B26A-B023EC80133C}"
EndProject
Project("{D954291E-2A0B-460D-934E-DC6B0785DB48}") = "ImageApp.View", "ImageApp.View\ImageApp.View.shproj", "{B6E17120-4F76-43C6-AAE4-F771EE957DAF}"
EndProject
Project("{2150E333-8FDC-42A3-9474-1A3956D46DE8}") = "Client", "Client", "{C2EF63E3-F5E4-409F-896C-5DCD0B925470}"
EndProject
Global
	GlobalSection(SharedMSBuildProjectFiles) = preSolution
		ImageApp.View\ImageApp.View.projitems*{61f41dbd-0684-429c-ac5a-dd51097d199f}*SharedItemsImports = 4
		ImageApp.View\ImageApp.View.projitems*{b6e17120-4f76-43c6-aae4-f771ee957daf}*SharedItemsImports = 13
	EndGlobalSection
	GlobalSection(SolutionConfigurationPlatforms) = preSolution
		Debug|Any CPU = Debug|Any CPU
		Debug|ARM = Debug|ARM
		Debug|x64 = Debug|x64
		Debug|x86 = Debug|x86
		Release|Any CPU = Release|Any CPU
		Release|ARM = Release|ARM
		Release|x64 = Release|x64
		Release|x86 = Release|x86
	EndGlobalSection
	GlobalSection(ProjectConfigurationPlatforms) = postSolution
		{61F41DBD-0684-429C-AC5A-DD51097D199F}.Debug|Any CPU.ActiveCfg = Debug|x86
		{61F41DBD-0684-429C-AC5A-DD51097D199F}.Debug|ARM.ActiveCfg = Debug|ARM
		{61F41DBD-0684-429C-AC5A-DD51097D199F}.Debug|ARM.Build.0 = Debug|ARM
		{61F41DBD-0684-429C-AC5A-DD51097D199F}.Debug|ARM.Deploy.0 = Debug|ARM
		{61F41DBD-0684-429C-AC5A-DD51097D199F}.Debug|x64.ActiveCfg = Debug|x64
		{61F41DBD-0684-429C-AC5A-DD51097D199F}.Debug|x64.Build.0 = Debug|x64
		{61F41DBD-0684-429C-AC5A-DD51097D199F}.Debug|x64.Deploy.0 = Debug|x64
		{61F41DBD-0684-429C-AC5A-DD51097D199F}.Debug|x86.ActiveCfg = Debug|x86
		{61F41DBD-0684-429C-AC5A-DD51097D199F}.Debug|x86.Build.0 = Debug|x86
		{61F41DBD-0684-429C-AC5A-DD51097D199F}.Debug|x86.Deploy.0 = Debug|x86
		{61F41DBD-0684-429C-AC5A-DD51097D199F}.Release|Any CPU.ActiveCfg = Release|x86
		{61F41DBD-0684-429C-AC5A-DD51097D199F}.Release|ARM.ActiveCfg = Release|ARM
		{61F41DBD-0684-429C-AC5A-DD51097D199F}.Release|ARM.Build.0 = Release|ARM
		{61F41DBD-0684-429C-AC5A-DD51097D199F}.Release|ARM.Deploy.0 = Release|ARM
		{61F41DBD-0684-429C-AC5A-DD51097D199F}.Release|x64.ActiveCfg = Release|x64
		{61F41DBD-0684-429C-AC5A-DD51097D199F}.Release|x64.Build.0 = Release|x64
		{61F41DBD-0684-429C-AC5A-DD51097D199F}.Release|x64.Deploy.0 = Release|x64
		{61F41DBD-0684-429C-AC5A-DD51097D199F}.Release|x86.ActiveCfg = Release|x86
		{61F41DBD-0684-429C-AC5A-DD51097D199F}.Release|x86.Build.0 = Release|x86
		{61F41DBD-0684-429C-AC5A-DD51097D199F}.Release|x86.Deploy.0 = Release|x86
		{CD62E08A-21D5-4DD6-A910-0AE320D8A19A}.Debug|Any CPU.ActiveCfg = Debug|Any CPU
		{CD62E08A-21D5-4DD6-A910-0AE320D8A19A}.Debug|Any CPU.Build.0 = Debug|Any CPU
		{CD62E08A-21D5-4DD6-A910-0AE320D8A19A}.Debug|ARM.ActiveCfg = Debug|Any CPU
		{CD62E08A-21D5-4DD6-A910-0AE320D8A19A}.Debug|ARM.Build.0 = Debug|Any CPU
		{CD62E08A-21D5-4DD6-A910-0AE320D8A19A}.Debug|x64.ActiveCfg = Debug|Any CPU
		{CD62E08A-21D5-4DD6-A910-0AE320D8A19A}.Debug|x64.Build.0 = Debug|Any CPU
		{CD62E08A-21D5-4DD6-A910-0AE320D8A19A}.Debug|x86.ActiveCfg = Debug|Any CPU
		{CD62E08A-21D5-4DD6-A910-0AE320D8A19A}.Debug|x86.Build.0 = Debug|Any CPU
		{CD62E08A-21D5-4DD6-A910-0AE320D8A19A}.Release|Any CPU.ActiveCfg = Release|Any CPU
		{CD62E08A-21D5-4DD6-A910-0AE320D8A19A}.Release|Any CPU.Build.0 = Release|Any CPU
		{CD62E08A-21D5-4DD6-A910-0AE320D8A19A}.Release|ARM.ActiveCfg = Release|Any CPU
		{CD62E08A-21D5-4DD6-A910-0AE320D8A19A}.Release|ARM.Build.0 = Release|Any CPU
		{CD62E08A-21D5-4DD6-A910-0AE320D8A19A}.Release|x64.ActiveCfg = Release|Any CPU
		{CD62E08A-21D5-4DD6-A910-0AE320D8A19A}.Release|x64.Build.0 = Release|Any CPU
		{CD62E08A-21D5-4DD6-A910-0AE320D8A19A}.Release|x86.ActiveCfg = Release|Any CPU
		{CD62E08A-21D5-4DD6-A910-0AE320D8A19A}.Release|x86.Build.0 = Release|Any CPU
		{14F6E9B6-5AF4-4700-B26A-B023EC80133C}.Debug|Any CPU.ActiveCfg = Debug|Any CPU
		{14F6E9B6-5AF4-4700-B26A-B023EC80133C}.Debug|Any CPU.Build.0 = Debug|Any CPU
		{14F6E9B6-5AF4-4700-B26A-B023EC80133C}.Debug|ARM.ActiveCfg = Debug|Any CPU
		{14F6E9B6-5AF4-4700-B26A-B023EC80133C}.Debug|ARM.Build.0 = Debug|Any CPU
		{14F6E9B6-5AF4-4700-B26A-B023EC80133C}.Debug|x64.ActiveCfg = Debug|Any CPU
		{14F6E9B6-5AF4-4700-B26A-B023EC80133C}.Debug|x64.Build.0 = Debug|Any CPU
		{14F6E9B6-5AF4-4700-B26A-B023EC80133C}.Debug|x86.ActiveCfg = Debug|Any CPU
		{14F6E9B6-5AF4-4700-B26A-B023EC80133C}.Debug|x86.Build.0 = Debug|Any CPU
		{14F6E9B6-5AF4-4700-B26A-B023EC80133C}.Release|Any CPU.ActiveCfg = Release|Any CPU
		{14F6E9B6-5AF4-4700-B26A-B023EC80133C}.Release|Any CPU.Build.0 = Release|Any CPU
		{14F6E9B6-5AF4-4700-B26A-B023EC80133C}.Release|ARM.ActiveCfg = Release|Any CPU
		{14F6E9B6-5AF4-4700-B26A-B023EC80133C}.Release|ARM.Build.0 = Release|Any CPU
		{14F6E9B6-5AF4-4700-B26A-B023EC80133C}.Release|x64.ActiveCfg = Release|Any CPU
		{14F6E9B6-5AF4-4700-B26A-B023EC80133C}.Release|x64.Build.0 = Release|Any CPU
		{14F6E9B6-5AF4-4700-B26A-B023EC80133C}.Release|x86.ActiveCfg = Release|Any CPU
		{14F6E9B6-5AF4-4700-B26A-B023EC80133C}.Release|x86.Build.0 = Release|Any CPU
	EndGlobalSection
	GlobalSection(SolutionProperties) = preSolution
		HideSolutionNode = FALSE
	EndGlobalSection
	GlobalSection(NestedProjects) = preSolution
		{61F41DBD-0684-429C-AC5A-DD51097D199F} = {C2EF63E3-F5E4-409F-896C-5DCD0B925470}
		{B6E17120-4F76-43C6-AAE4-F771EE957DAF} = {C2EF63E3-F5E4-409F-896C-5DCD0B925470}
	EndGlobalSection
EndGlobal
